
Microsoft Visual Studio Solution File, Format Version 12.00
# Visual Studio Version 17
VisualStudioVersion = 17.12.35707.178 d17.12
MinimumVisualStudioVersion = 10.0.40219.1
Project("{FAE04EC0-301F-11D3-BF4B-00C04F79EFBC}") = "Biblioteca_Grafos_Ciudades", "Biblioteca_Grafos_Ciudades.csproj", "{37A863B6-C6A5-41B7-9ECF-59A3CCF36DAF}"
EndProject
Project("{FAE04EC0-301F-11D3-BF4B-00C04F79EFBC}") = "Mapa_Ciudades", "..\Mapa_Ciudades\Mapa_Ciudades.csproj", "{D3504B6B-C166-4CD6-A160-384B66360689}"
EndProject
Global
	GlobalSection(SolutionConfigurationPlatforms) = preSolution
		Debug|Any CPU = Debug|Any CPU
		Release|Any CPU = Release|Any CPU
	EndGlobalSection
	GlobalSection(ProjectConfigurationPlatforms) = postSolution
		{37A863B6-C6A5-41B7-9ECF-59A3CCF36DAF}.Debug|Any CPU.ActiveCfg = Debug|Any CPU
		{37A863B6-C6A5-41B7-9ECF-59A3CCF36DAF}.Debug|Any CPU.Build.0 = Debug|Any CPU
		{37A863B6-C6A5-41B7-9ECF-59A3CCF36DAF}.Release|Any CPU.ActiveCfg = Release|Any CPU
		{37A863B6-C6A5-41B7-9ECF-59A3CCF36DAF}.Release|Any CPU.Build.0 = Release|Any CPU
		{D3504B6B-C166-4CD6-A160-384B66360689}.Debug|Any CPU.ActiveCfg = Debug|Any CPU
		{D3504B6B-C166-4CD6-A160-384B66360689}.Debug|Any CPU.Build.0 = Debug|Any CPU
		{D3504B6B-C166-4CD6-A160-384B66360689}.Release|Any CPU.ActiveCfg = Release|Any CPU
		{D3504B6B-C166-4CD6-A160-384B66360689}.Release|Any CPU.Build.0 = Release|Any CPU
	EndGlobalSection
	GlobalSection(SolutionProperties) = preSolution
		HideSolutionNode = FALSE
	EndGlobalSection
EndGlobal
